
Microsoft Visual Studio Solution File, Format Version 12.00
# Visual Studio Version 17
VisualStudioVersion = 17.0.31903.59
MinimumVisualStudioVersion = 10.0.40219.1
Project("{FAE04EC0-301F-11D3-BF4B-00C04F79EFBC}") = "API", "API\API.csproj", "{24386438-AA4A-4591-9CA6-BC39EE11B058}"
EndProject
Project("{FAE04EC0-301F-11D3-BF4B-00C04F79EFBC}") = "Core", "Core\Core.csproj", "{C5E9B8EF-2191-43E1-A5B7-EE932C3D18A7}"
EndProject
Project("{FAE04EC0-301F-11D3-BF4B-00C04F79EFBC}") = "Infrastructure", "Infrastructure\Infrastructure.csproj", "{976CB8CE-BF60-475F-AC8F-BCADCC74E8F5}"
EndProject
Global
	GlobalSection(SolutionConfigurationPlatforms) = preSolution
		Debug|Any CPU = Debug|Any CPU
		Release|Any CPU = Release|Any CPU
	EndGlobalSection
	GlobalSection(SolutionProperties) = preSolution
		HideSolutionNode = FALSE
	EndGlobalSection
	GlobalSection(ProjectConfigurationPlatforms) = postSolution
		{24386438-AA4A-4591-9CA6-BC39EE11B058}.Debug|Any CPU.ActiveCfg = Debug|Any CPU
		{24386438-AA4A-4591-9CA6-BC39EE11B058}.Debug|Any CPU.Build.0 = Debug|Any CPU
		{24386438-AA4A-4591-9CA6-BC39EE11B058}.Release|Any CPU.ActiveCfg = Release|Any CPU
		{24386438-AA4A-4591-9CA6-BC39EE11B058}.Release|Any CPU.Build.0 = Release|Any CPU
		{C5E9B8EF-2191-43E1-A5B7-EE932C3D18A7}.Debug|Any CPU.ActiveCfg = Debug|Any CPU
		{C5E9B8EF-2191-43E1-A5B7-EE932C3D18A7}.Debug|Any CPU.Build.0 = Debug|Any CPU
		{C5E9B8EF-2191-43E1-A5B7-EE932C3D18A7}.Release|Any CPU.ActiveCfg = Release|Any CPU
		{C5E9B8EF-2191-43E1-A5B7-EE932C3D18A7}.Release|Any CPU.Build.0 = Release|Any CPU
		{976CB8CE-BF60-475F-AC8F-BCADCC74E8F5}.Debug|Any CPU.ActiveCfg = Debug|Any CPU
		{976CB8CE-BF60-475F-AC8F-BCADCC74E8F5}.Debug|Any CPU.Build.0 = Debug|Any CPU
		{976CB8CE-BF60-475F-AC8F-BCADCC74E8F5}.Release|Any CPU.ActiveCfg = Release|Any CPU
		{976CB8CE-BF60-475F-AC8F-BCADCC74E8F5}.Release|Any CPU.Build.0 = Release|Any CPU
	EndGlobalSection
EndGlobal
